
Microsoft Visual Studio Solution File, Format Version 12.00
# Visual Studio Version 17
VisualStudioVersion = 17.8.34511.84
MinimumVisualStudioVersion = 10.0.40219.1
Project("{FAE04EC0-301F-11D3-BF4B-00C04F79EFBC}") = "ProyectoEstructura", "ProyectoEstructura\ProyectoEstructura.csproj", "{3BE68794-98BF-4811-9515-5C114F996259}"
EndProject
Global
	GlobalSection(SolutionConfigurationPlatforms) = preSolution
		Debug|Any CPU = Debug|Any CPU
		Release|Any CPU = Release|Any CPU
	EndGlobalSection
	GlobalSection(ProjectConfigurationPlatforms) = postSolution
		{3BE68794-98BF-4811-9515-5C114F996259}.Debug|Any CPU.ActiveCfg = Debug|Any CPU
		{3BE68794-98BF-4811-9515-5C114F996259}.Debug|Any CPU.Build.0 = Debug|Any CPU
		{3BE68794-98BF-4811-9515-5C114F996259}.Release|Any CPU.ActiveCfg = Release|Any CPU
		{3BE68794-98BF-4811-9515-5C114F996259}.Release|Any CPU.Build.0 = Release|Any CPU
	EndGlobalSection
	GlobalSection(SolutionProperties) = preSolution
		HideSolutionNode = FALSE
	EndGlobalSection
	GlobalSection(ExtensibilityGlobals) = postSolution
		SolutionGuid = {33B6DC4E-4328-447F-B727-7B5AACB3385A}
	EndGlobalSection
EndGlobal
